
Microsoft Visual Studio Solution File, Format Version 12.00
# Visual Studio Version 16
VisualStudioVersion = 16.0.28917.181
MinimumVisualStudioVersion = 10.0.40219.1
Project("{9A19103F-16F7-4668-BE54-9A1E7A4F7556}") = "Variables", "Variables\Variables.csproj", "{5A9515E7-EC5A-429C-9A24-E161669D0E9E}"
EndProject
Project("{FAE04EC0-301F-11D3-BF4B-00C04F79EFBC}") = "Conditions", "Conditions\Conditions.csproj", "{5ECC6118-644D-411A-8BAC-B6F8E8F43C81}"
EndProject
Global
	GlobalSection(SolutionConfigurationPlatforms) = preSolution
		Debug|Any CPU = Debug|Any CPU
		Release|Any CPU = Release|Any CPU
	EndGlobalSection
	GlobalSection(ProjectConfigurationPlatforms) = postSolution
		{5A9515E7-EC5A-429C-9A24-E161669D0E9E}.Debug|Any CPU.ActiveCfg = Debug|Any CPU
		{5A9515E7-EC5A-429C-9A24-E161669D0E9E}.Debug|Any CPU.Build.0 = Debug|Any CPU
		{5A9515E7-EC5A-429C-9A24-E161669D0E9E}.Release|Any CPU.ActiveCfg = Release|Any CPU
		{5A9515E7-EC5A-429C-9A24-E161669D0E9E}.Release|Any CPU.Build.0 = Release|Any CPU
		{5ECC6118-644D-411A-8BAC-B6F8E8F43C81}.Debug|Any CPU.ActiveCfg = Debug|Any CPU
		{5ECC6118-644D-411A-8BAC-B6F8E8F43C81}.Debug|Any CPU.Build.0 = Debug|Any CPU
		{5ECC6118-644D-411A-8BAC-B6F8E8F43C81}.Release|Any CPU.ActiveCfg = Release|Any CPU
		{5ECC6118-644D-411A-8BAC-B6F8E8F43C81}.Release|Any CPU.Build.0 = Release|Any CPU
	EndGlobalSection
	GlobalSection(SolutionProperties) = preSolution
		HideSolutionNode = FALSE
	EndGlobalSection
	GlobalSection(ExtensibilityGlobals) = postSolution
		SolutionGuid = {C8232758-EAB8-4B8B-8C1E-25D2CA9DAC35}
	EndGlobalSection
EndGlobal
